
Microsoft Visual Studio Solution File, Format Version 12.00
# Visual Studio Version 17
VisualStudioVersion = 17.7.34221.43
MinimumVisualStudioVersion = 10.0.40219.1
Project("{FAE04EC0-301F-11D3-BF4B-00C04F79EFBC}") = "CSI260_Midterm", "CSI260_Midterm.csproj", "{22FBA29F-B1C8-4CBC-B3CA-2212859D46DA}"
EndProject
Global
	GlobalSection(SolutionConfigurationPlatforms) = preSolution
		Debug|Any CPU = Debug|Any CPU
		Release|Any CPU = Release|Any CPU
	EndGlobalSection
	GlobalSection(ProjectConfigurationPlatforms) = postSolution
		{22FBA29F-B1C8-4CBC-B3CA-2212859D46DA}.Debug|Any CPU.ActiveCfg = Debug|Any CPU
		{22FBA29F-B1C8-4CBC-B3CA-2212859D46DA}.Debug|Any CPU.Build.0 = Debug|Any CPU
		{22FBA29F-B1C8-4CBC-B3CA-2212859D46DA}.Release|Any CPU.ActiveCfg = Release|Any CPU
		{22FBA29F-B1C8-4CBC-B3CA-2212859D46DA}.Release|Any CPU.Build.0 = Release|Any CPU
	EndGlobalSection
	GlobalSection(SolutionProperties) = preSolution
		HideSolutionNode = FALSE
	EndGlobalSection
	GlobalSection(ExtensibilityGlobals) = postSolution
		SolutionGuid = {91DB01EF-5F96-4CE4-9FDD-9E807EA9E801}
	EndGlobalSection
EndGlobal
